{
    "_readme": [
        "This file locks the dependencies of your project to a known state",
        "Read more about it at http://getcomposer.org/doc/01-basic-usage.md#composer-lock-the-lock-file"
    ],
    "hash": "2775b37862aa4e190dedab83f6730898",
    "packages": [
        {
            "name": "cakephp/cakephp",
            "version": "3.0.x-dev",
            "source": {
                "type": "git",
                "url": "https://github.com/cakephp/cakephp.git",
                "reference": "3838e15c01e8a43eb8b9cc17c654343a6c2ceef2"
            },
            "dist": {
                "type": "zip",
                "url": "https://api.github.com/repos/cakephp/cakephp/zipball/3838e15c01e8a43eb8b9cc17c654343a6c2ceef2",
                "reference": "3838e15c01e8a43eb8b9cc17c654343a6c2ceef2",
                "shasum": ""
            },
            "require": {
                "ext-mbstring": "*",
                "ext-mcrypt": "*",
                "php": ">=5.4.19"
            },
            "require-dev": {
                "phpunit/phpunit": "3.7.*"
            },
            "bin": [
                "src/Console/cake"
            ],
            "type": "library",
            "autoload": {
                "psr-4": {
                    "Cake\\": "src",
                    "Cake\\Test\\": "tests"
                }
            },
            "notification-url": "https://packagist.org/downloads/",
            "license": [
                "MIT"
            ],
            "authors": [
                {
                    "name": "CakePHP Community",
                    "homepage": "https://github.com/cakephp/cakephp/graphs/contributors"
                }
            ],
            "description": "The CakePHP framework",
            "homepage": "http://cakephp.org",
            "keywords": [
                "framework"
            ],
            "time": "2014-04-15 05:45:11"
        }
    ],
    "packages-dev": [
        {
            "name": "d11wtq/boris",
            "version": "v1.0.8",
            "source": {
                "type": "git",
                "url": "https://github.com/d11wtq/boris.git",
                "reference": "125dd4e5752639af7678a22ea597115646d89c6e"
            },
            "dist": {
                "type": "zip",
                "url": "https://api.github.com/repos/d11wtq/boris/zipball/125dd4e5752639af7678a22ea597115646d89c6e",
                "reference": "125dd4e5752639af7678a22ea597115646d89c6e",
                "shasum": ""
            },
            "require": {
                "php": ">=5.3.0"
            },
            "suggest": {
                "ext-pcntl": "*",
                "ext-posix": "*",
                "ext-readline": "*"
            },
            "bin": [
                "bin/boris"
            ],
            "type": "library",
            "autoload": {
                "psr-0": {
                    "Boris": "lib"
                }
            },
            "notification-url": "https://packagist.org/downloads/",
            "time": "2014-01-17 12:21:18"
        }
    ],
    "aliases": [

    ],
    "minimum-stability": "stable",
    "stability-flags": {
        "cakephp/cakephp": 20
    },
    "platform": {
        "php": ">=5.4"
    },
    "platform-dev": [

    ]
}
